{
    "version": 3,
    "terraform_version": "0.11.8",
    "serial": 4,
    "lineage": "5d41e61e-a92e-e35b-5fa0-b16d60a5ee80",
    "modules": [
        {
            "path": [
                "root"
            ],
            "outputs": {},
            "resources": {
                "aws_instance.example": {
                    "type": "aws_instance",
                    "depends_on": [
                        "aws_key_pair.mykey"
                    ],
                    "primary": {
                        "id": "i-030124817128596a4",
                        "attributes": {
                            "ami": "ami-0552e3455b9bc8d50",
                            "arn": "arn:aws:ec2:us-east-2:057172639468:instance/i-030124817128596a4",
                            "associate_public_ip_address": "true",
                            "availability_zone": "us-east-2b",
                            "cpu_core_count": "1",
                            "cpu_threads_per_core": "1",
                            "credit_specification.#": "1",
                            "credit_specification.0.cpu_credits": "standard",
                            "disable_api_termination": "false",
                            "ebs_block_device.#": "0",
                            "ebs_optimized": "false",
                            "ephemeral_block_device.#": "0",
                            "get_password_data": "false",
                            "iam_instance_profile": "",
                            "id": "i-030124817128596a4",
                            "instance_state": "running",
                            "instance_type": "t2.micro",
                            "ipv6_addresses.#": "0",
                            "key_name": "mykey",
                            "monitoring": "false",
                            "network_interface.#": "0",
                            "network_interface_id": "eni-015ae56ae650af55d",
                            "password_data": "",
                            "placement_group": "",
                            "primary_network_interface_id": "eni-015ae56ae650af55d",
                            "private_dns": "ip-172-31-31-168.us-east-2.compute.internal",
                            "private_ip": "172.31.31.168",
                            "public_dns": "ec2-18-222-18-81.us-east-2.compute.amazonaws.com",
                            "public_ip": "18.222.18.81",
                            "root_block_device.#": "1",
                            "root_block_device.0.delete_on_termination": "true",
                            "root_block_device.0.iops": "100",
                            "root_block_device.0.volume_id": "vol-0df930f0513490f55",
                            "root_block_device.0.volume_size": "8",
                            "root_block_device.0.volume_type": "gp2",
                            "security_groups.#": "1",
                            "security_groups.3814588639": "default",
                            "source_dest_check": "true",
                            "subnet_id": "subnet-3a25b440",
                            "tags.%": "0",
                            "tenancy": "default",
                            "volume_tags.%": "0",
                            "vpc_security_group_ids.#": "1",
                            "vpc_security_group_ids.3825825125": "sg-20da1a4d"
                        },
                        "meta": {
                            "e2bfb730-ecaa-11e6-8f88-34363bc7c4c0": {
                                "create": 600000000000,
                                "delete": 1200000000000,
                                "update": 600000000000
                            },
                            "schema_version": "1"
                        },
                        "tainted": false
                    },
                    "deposed": [],
                    "provider": "provider.aws"
                },
                "aws_key_pair.mykey": {
                    "type": "aws_key_pair",
                    "depends_on": [],
                    "primary": {
                        "id": "mykey",
                        "attributes": {
                            "fingerprint": "be:33:41:f5:2c:eb:41:ec:07:1d:30:da:eb:8c:02:a7",
                            "id": "mykey",
                            "key_name": "mykey",
                            "public_key": "ssh-rsa AAAAB3NzaC1yc2EAAAADAQABAAABAQCqLKidK1T5Mcx4bix/C8cFsZHQ0UuHKk1LiuN1jp7NTQZouzojAGLmCpN3ihF7E2Ogd/0mPFQqixEWxv3i/oZm3K/IgoX0Wqr/LeIiCVMZvqMQxH6QPcABFTBKpTRCGdJvZaqfUObn3edG7KMxNdk7UZNNVR2mN0PWqHmDTkcBx9E/Ufn2hD1fy4NG3AeY7eCu384m4wZuriNbHVmzI6pfBiWpmfaPQF7YYkzhCNXdpDpq23JDy5DpKbwd5Q/XfJyzVENasDCw5QgJR4V3PuWZlCFrM6VrDOQkl46kHo4TlpYJuQbkB0hnvE6a3BUUzlssyaBM6YebLqxt8n58zXzt yash@yash-Latitude-E5470"
                        },
                        "meta": {
                            "schema_version": "1"
                        },
                        "tainted": false
                    },
                    "deposed": [],
                    "provider": "provider.aws"
                }
            },
            "depends_on": []
        }
    ]
}
