{
    "version": 3,
    "terraform_version": "0.11.8",
    "serial": 7,
    "lineage": "704ef8e5-be93-e9fd-73f9-cea384791d5b",
    "modules": [
        {
            "path": [
                "root"
            ],
            "outputs": {},
            "resources": {
                "aws_eip.nat-eip": {
                    "type": "aws_eip",
                    "depends_on": [],
                    "primary": {
                        "id": "eipalloc-061d93e8dce030f57",
                        "attributes": {
                            "association_id": "eipassoc-6b398297",
                            "domain": "vpc",
                            "id": "eipalloc-061d93e8dce030f57",
                            "instance": "",
                            "network_interface": "eni-067c22b8ef392f11f",
                            "private_ip": "10.0.1.157",
                            "public_ip": "18.218.160.209",
                            "tags.%": "0",
                            "vpc": "true"
                        },
                        "meta": {
                            "e2bfb730-ecaa-11e6-8f88-34363bc7c4c0": {
                                "delete": 180000000000,
                                "read": 900000000000,
                                "update": 300000000000
                            }
                        },
                        "tainted": false
                    },
                    "deposed": [],
                    "provider": "provider.aws"
                },
                "aws_instance.example1": {
                    "type": "aws_instance",
                    "depends_on": [
                        "aws_key_pair.mykey",
                        "aws_security_group.allow_ssh",
                        "aws_subnet.main-public-1"
                    ],
                    "primary": {
                        "id": "i-099aec5be36f31769",
                        "attributes": {
                            "ami": "ami-0552e3455b9bc8d50",
                            "arn": "arn:aws:ec2:us-east-2:736261300119:instance/i-099aec5be36f31769",
                            "associate_public_ip_address": "true",
                            "availability_zone": "us-east-2a",
                            "cpu_core_count": "1",
                            "cpu_threads_per_core": "1",
                            "credit_specification.#": "1",
                            "credit_specification.0.cpu_credits": "standard",
                            "disable_api_termination": "false",
                            "ebs_block_device.#": "0",
                            "ebs_optimized": "false",
                            "ephemeral_block_device.#": "0",
                            "get_password_data": "false",
                            "iam_instance_profile": "",
                            "id": "i-099aec5be36f31769",
                            "instance_state": "running",
                            "instance_type": "t2.micro",
                            "ipv6_addresses.#": "0",
                            "key_name": "mykey",
                            "monitoring": "false",
                            "network_interface.#": "0",
                            "network_interface_id": "eni-0d55b1db858d58ec0",
                            "password_data": "",
                            "placement_group": "",
                            "primary_network_interface_id": "eni-0d55b1db858d58ec0",
                            "private_dns": "ip-10-0-1-202.us-east-2.compute.internal",
                            "private_ip": "10.0.1.202",
                            "public_dns": "ec2-18-191-238-148.us-east-2.compute.amazonaws.com",
                            "public_ip": "18.191.238.148",
                            "root_block_device.#": "1",
                            "root_block_device.0.delete_on_termination": "true",
                            "root_block_device.0.iops": "100",
                            "root_block_device.0.volume_id": "vol-0b5af65dcb7258a0c",
                            "root_block_device.0.volume_size": "8",
                            "root_block_device.0.volume_type": "gp2",
                            "security_groups.#": "0",
                            "source_dest_check": "true",
                            "subnet_id": "subnet-028b5ba77f3fcedb1",
                            "tags.%": "2",
                            "tags.Created_by": "Hashicorp Terraform",
                            "tags.Name": "Instance 1 Public Facing",
                            "tenancy": "default",
                            "volume_tags.%": "0",
                            "vpc_security_group_ids.#": "1",
                            "vpc_security_group_ids.1251411431": "sg-0c56e24a913443e3b"
                        },
                        "meta": {
                            "e2bfb730-ecaa-11e6-8f88-34363bc7c4c0": {
                                "create": 600000000000,
                                "delete": 1200000000000,
                                "update": 600000000000
                            },
                            "schema_version": "1"
                        },
                        "tainted": false
                    },
                    "deposed": [],
                    "provider": "provider.aws"
                },
                "aws_instance.example2": {
                    "type": "aws_instance",
                    "depends_on": [
                        "aws_key_pair.mykey",
                        "aws_security_group.allow_ssh",
                        "aws_subnet.main-private-1"
                    ],
                    "primary": {
                        "id": "i-0ccc63307bb8ac90e",
                        "attributes": {
                            "ami": "ami-0552e3455b9bc8d50",
                            "arn": "arn:aws:ec2:us-east-2:736261300119:instance/i-0ccc63307bb8ac90e",
                            "associate_public_ip_address": "false",
                            "availability_zone": "us-east-2a",
                            "cpu_core_count": "1",
                            "cpu_threads_per_core": "1",
                            "credit_specification.#": "1",
                            "credit_specification.0.cpu_credits": "standard",
                            "disable_api_termination": "false",
                            "ebs_block_device.#": "0",
                            "ebs_optimized": "false",
                            "ephemeral_block_device.#": "0",
                            "get_password_data": "false",
                            "iam_instance_profile": "",
                            "id": "i-0ccc63307bb8ac90e",
                            "instance_state": "running",
                            "instance_type": "t2.micro",
                            "ipv6_addresses.#": "0",
                            "key_name": "mykey",
                            "monitoring": "false",
                            "network_interface.#": "0",
                            "network_interface_id": "eni-0bb9bf54d5614cfda",
                            "password_data": "",
                            "placement_group": "",
                            "primary_network_interface_id": "eni-0bb9bf54d5614cfda",
                            "private_dns": "ip-10-0-3-200.us-east-2.compute.internal",
                            "private_ip": "10.0.3.200",
                            "public_dns": "",
                            "public_ip": "",
                            "root_block_device.#": "1",
                            "root_block_device.0.delete_on_termination": "true",
                            "root_block_device.0.iops": "100",
                            "root_block_device.0.volume_id": "vol-0414bc20cfb4f90d9",
                            "root_block_device.0.volume_size": "8",
                            "root_block_device.0.volume_type": "gp2",
                            "security_groups.#": "0",
                            "source_dest_check": "true",
                            "subnet_id": "subnet-0c68dfd1c21c87419",
                            "tags.%": "2",
                            "tags.Created_by": "Hashicorp Terraform",
                            "tags.Name": "Instance 2 private",
                            "tenancy": "default",
                            "volume_tags.%": "0",
                            "vpc_security_group_ids.#": "1",
                            "vpc_security_group_ids.1251411431": "sg-0c56e24a913443e3b"
                        },
                        "meta": {
                            "e2bfb730-ecaa-11e6-8f88-34363bc7c4c0": {
                                "create": 600000000000,
                                "delete": 1200000000000,
                                "update": 600000000000
                            },
                            "schema_version": "1"
                        },
                        "tainted": false
                    },
                    "deposed": [],
                    "provider": "provider.aws"
                },
                "aws_internet_gateway.main-gw": {
                    "type": "aws_internet_gateway",
                    "depends_on": [
                        "aws_vpc.main"
                    ],
                    "primary": {
                        "id": "igw-000cbd42b558a6506",
                        "attributes": {
                            "id": "igw-000cbd42b558a6506",
                            "tags.%": "2",
                            "tags.Attached_vpc": "ShahVpc",
                            "tags.Name": "Internet Gateway Main",
                            "vpc_id": "vpc-038fd5bdeeda0dcb5"
                        },
                        "meta": {},
                        "tainted": false
                    },
                    "deposed": [],
                    "provider": "provider.aws"
                },
                "aws_key_pair.mykey": {
                    "type": "aws_key_pair",
                    "depends_on": [],
                    "primary": {
                        "id": "mykey",
                        "attributes": {
                            "fingerprint": "fe:1d:21:af:57:e6:e4:7f:3a:27:a5:14:f5:e5:ce:fd",
                            "id": "mykey",
                            "key_name": "mykey",
                            "public_key": "ssh-rsa AAAAB3NzaC1yc2EAAAADAQABAAABAQDY7ChxLLQkoR/9x+Bq03hu3Mevc4hCHFBrAezh6YeW9gAXeJq4mwyi8/e9iBBUxRZWDm7AvsWJVdAOSjHo7qyRmPKGAb79bbz7b3X8GQhQ5vHKxnz7//E9ZjYoPqGMRXHPriELonFolZtOVQEEFnhlLePgYCLito5qzH4bvPt9nRyAYHBmuwEVe3sBdUWFLBsYAj6EDVO6PvYbaJgQ48J6Ieac3MKyimN59amdEo0P+YNsby8ltZuk+E4mjXxs+n/65H3b4X2JGCDRdk/9DotXN5+nJt/90hcYmmBbSNuiTO1LPSHyscGs74deGU91Nd+ghmGRjLC77GUs6t21Afxl yash@yash-Latitude-E5470"
                        },
                        "meta": {
                            "schema_version": "1"
                        },
                        "tainted": false
                    },
                    "deposed": [],
                    "provider": "provider.aws"
                },
                "aws_nat_gateway.nat-gw": {
                    "type": "aws_nat_gateway",
                    "depends_on": [
                        "aws_eip.nat-eip",
                        "aws_internet_gateway.main-gw",
                        "aws_subnet.main-public-1"
                    ],
                    "primary": {
                        "id": "nat-0a72742e7c725fd4f",
                        "attributes": {
                            "allocation_id": "eipalloc-061d93e8dce030f57",
                            "id": "nat-0a72742e7c725fd4f",
                            "network_interface_id": "eni-067c22b8ef392f11f",
                            "private_ip": "10.0.1.157",
                            "public_ip": "18.218.160.209",
                            "subnet_id": "subnet-028b5ba77f3fcedb1",
                            "tags.%": "0"
                        },
                        "meta": {},
                        "tainted": false
                    },
                    "deposed": [],
                    "provider": "provider.aws"
                },
                "aws_route_table.main-private-1": {
                    "type": "aws_route_table",
                    "depends_on": [
                        "aws_nat_gateway.nat-gw",
                        "aws_vpc.main"
                    ],
                    "primary": {
                        "id": "rtb-0542bfb60c0dfb065",
                        "attributes": {
                            "id": "rtb-0542bfb60c0dfb065",
                            "propagating_vgws.#": "0",
                            "route.#": "1",
                            "route.2197001830.cidr_block": "0.0.0.0/0",
                            "route.2197001830.egress_only_gateway_id": "",
                            "route.2197001830.gateway_id": "",
                            "route.2197001830.instance_id": "",
                            "route.2197001830.ipv6_cidr_block": "",
                            "route.2197001830.nat_gateway_id": "nat-0a72742e7c725fd4f",
                            "route.2197001830.network_interface_id": "",
                            "route.2197001830.vpc_peering_connection_id": "",
                            "tags.%": "1",
                            "tags.Name": "Nat Association with private instances",
                            "vpc_id": "vpc-038fd5bdeeda0dcb5"
                        },
                        "meta": {},
                        "tainted": false
                    },
                    "deposed": [],
                    "provider": "provider.aws"
                },
                "aws_route_table.main-public": {
                    "type": "aws_route_table",
                    "depends_on": [
                        "aws_internet_gateway.main-gw",
                        "aws_vpc.main"
                    ],
                    "primary": {
                        "id": "rtb-0360555b4beca5447",
                        "attributes": {
                            "id": "rtb-0360555b4beca5447",
                            "propagating_vgws.#": "0",
                            "route.#": "1",
                            "route.1733787556.cidr_block": "0.0.0.0/0",
                            "route.1733787556.egress_only_gateway_id": "",
                            "route.1733787556.gateway_id": "igw-000cbd42b558a6506",
                            "route.1733787556.instance_id": "",
                            "route.1733787556.ipv6_cidr_block": "",
                            "route.1733787556.nat_gateway_id": "",
                            "route.1733787556.network_interface_id": "",
                            "route.1733787556.vpc_peering_connection_id": "",
                            "tags.%": "1",
                            "tags.Name": "aws route configuration",
                            "vpc_id": "vpc-038fd5bdeeda0dcb5"
                        },
                        "meta": {},
                        "tainted": false
                    },
                    "deposed": [],
                    "provider": "provider.aws"
                },
                "aws_route_table_association.main-private-1": {
                    "type": "aws_route_table_association",
                    "depends_on": [
                        "aws_route_table.main-private-1",
                        "aws_subnet.main-private-1"
                    ],
                    "primary": {
                        "id": "rtbassoc-012125f8138c8a2ab",
                        "attributes": {
                            "id": "rtbassoc-012125f8138c8a2ab",
                            "route_table_id": "rtb-0542bfb60c0dfb065",
                            "subnet_id": "subnet-0c68dfd1c21c87419"
                        },
                        "meta": {},
                        "tainted": false
                    },
                    "deposed": [],
                    "provider": "provider.aws"
                },
                "aws_route_table_association.main-private-2": {
                    "type": "aws_route_table_association",
                    "depends_on": [
                        "aws_route_table.main-private-1",
                        "aws_subnet.main-private-2"
                    ],
                    "primary": {
                        "id": "rtbassoc-01334675ddb7600b1",
                        "attributes": {
                            "id": "rtbassoc-01334675ddb7600b1",
                            "route_table_id": "rtb-0542bfb60c0dfb065",
                            "subnet_id": "subnet-08e9d73f65c38162c"
                        },
                        "meta": {},
                        "tainted": false
                    },
                    "deposed": [],
                    "provider": "provider.aws"
                },
                "aws_security_group.allow_ssh": {
                    "type": "aws_security_group",
                    "depends_on": [
                        "aws_vpc.main"
                    ],
                    "primary": {
                        "id": "sg-0c56e24a913443e3b",
                        "attributes": {
                            "arn": "arn:aws:ec2:us-east-2:736261300119:security-group/sg-0c56e24a913443e3b",
                            "description": "This is a security group created by terraform which will allow you to perform ssh only",
                            "egress.#": "1",
                            "egress.482069346.cidr_blocks.#": "1",
                            "egress.482069346.cidr_blocks.0": "0.0.0.0/0",
                            "egress.482069346.description": "",
                            "egress.482069346.from_port": "0",
                            "egress.482069346.ipv6_cidr_blocks.#": "0",
                            "egress.482069346.prefix_list_ids.#": "0",
                            "egress.482069346.protocol": "-1",
                            "egress.482069346.security_groups.#": "0",
                            "egress.482069346.self": "false",
                            "egress.482069346.to_port": "0",
                            "id": "sg-0c56e24a913443e3b",
                            "ingress.#": "1",
                            "ingress.3295201349.cidr_blocks.#": "1",
                            "ingress.3295201349.cidr_blocks.0": "0.0.0.0/0",
                            "ingress.3295201349.description": "",
                            "ingress.3295201349.from_port": "0",
                            "ingress.3295201349.ipv6_cidr_blocks.#": "0",
                            "ingress.3295201349.protocol": "0",
                            "ingress.3295201349.security_groups.#": "0",
                            "ingress.3295201349.self": "false",
                            "ingress.3295201349.to_port": "0",
                            "name": "Allow_SSH",
                            "owner_id": "736261300119",
                            "revoke_rules_on_delete": "false",
                            "tags.%": "1",
                            "tags.Name": "Allow_SSH",
                            "vpc_id": "vpc-038fd5bdeeda0dcb5"
                        },
                        "meta": {
                            "e2bfb730-ecaa-11e6-8f88-34363bc7c4c0": {
                                "create": 600000000000,
                                "delete": 600000000000
                            },
                            "schema_version": "1"
                        },
                        "tainted": false
                    },
                    "deposed": [],
                    "provider": "provider.aws"
                },
                "aws_subnet.main-private-1": {
                    "type": "aws_subnet",
                    "depends_on": [
                        "aws_vpc.main"
                    ],
                    "primary": {
                        "id": "subnet-0c68dfd1c21c87419",
                        "attributes": {
                            "arn": "arn:aws:ec2:us-east-2:736261300119:subnet/subnet-0c68dfd1c21c87419",
                            "assign_ipv6_address_on_creation": "false",
                            "availability_zone": "us-east-2a",
                            "cidr_block": "10.0.3.0/24",
                            "id": "subnet-0c68dfd1c21c87419",
                            "map_public_ip_on_launch": "false",
                            "tags.%": "2",
                            "tags.Created_By": "HashiCorp Terraform",
                            "tags.Name": "Private-Faced-2a",
                            "vpc_id": "vpc-038fd5bdeeda0dcb5"
                        },
                        "meta": {
                            "schema_version": "1"
                        },
                        "tainted": false
                    },
                    "deposed": [],
                    "provider": "provider.aws"
                },
                "aws_subnet.main-private-2": {
                    "type": "aws_subnet",
                    "depends_on": [
                        "aws_vpc.main"
                    ],
                    "primary": {
                        "id": "subnet-08e9d73f65c38162c",
                        "attributes": {
                            "arn": "arn:aws:ec2:us-east-2:736261300119:subnet/subnet-08e9d73f65c38162c",
                            "assign_ipv6_address_on_creation": "false",
                            "availability_zone": "us-east-2b",
                            "cidr_block": "10.0.4.0/24",
                            "id": "subnet-08e9d73f65c38162c",
                            "map_public_ip_on_launch": "false",
                            "tags.%": "2",
                            "tags.Created_By": "HashiCorp Terraform",
                            "tags.Name": "Private-Faced-2b",
                            "vpc_id": "vpc-038fd5bdeeda0dcb5"
                        },
                        "meta": {
                            "schema_version": "1"
                        },
                        "tainted": false
                    },
                    "deposed": [],
                    "provider": "provider.aws"
                },
                "aws_subnet.main-public-1": {
                    "type": "aws_subnet",
                    "depends_on": [
                        "aws_vpc.main"
                    ],
                    "primary": {
                        "id": "subnet-028b5ba77f3fcedb1",
                        "attributes": {
                            "arn": "arn:aws:ec2:us-east-2:736261300119:subnet/subnet-028b5ba77f3fcedb1",
                            "assign_ipv6_address_on_creation": "false",
                            "availability_zone": "us-east-2a",
                            "cidr_block": "10.0.1.0/24",
                            "id": "subnet-028b5ba77f3fcedb1",
                            "map_public_ip_on_launch": "true",
                            "tags.%": "2",
                            "tags.Created_By": "HashiCorp Terraform",
                            "tags.Name": "public-faced-2a",
                            "vpc_id": "vpc-038fd5bdeeda0dcb5"
                        },
                        "meta": {
                            "schema_version": "1"
                        },
                        "tainted": false
                    },
                    "deposed": [],
                    "provider": "provider.aws"
                },
                "aws_subnet.main-public-2": {
                    "type": "aws_subnet",
                    "depends_on": [
                        "aws_vpc.main"
                    ],
                    "primary": {
                        "id": "subnet-0ac61c6732dd6300e",
                        "attributes": {
                            "arn": "arn:aws:ec2:us-east-2:736261300119:subnet/subnet-0ac61c6732dd6300e",
                            "assign_ipv6_address_on_creation": "false",
                            "availability_zone": "us-east-2b",
                            "cidr_block": "10.0.2.0/24",
                            "id": "subnet-0ac61c6732dd6300e",
                            "map_public_ip_on_launch": "true",
                            "tags.%": "2",
                            "tags.Created_By": "HashiCorp Terraform",
                            "tags.Name": "public-faced-2b",
                            "vpc_id": "vpc-038fd5bdeeda0dcb5"
                        },
                        "meta": {
                            "schema_version": "1"
                        },
                        "tainted": false
                    },
                    "deposed": [],
                    "provider": "provider.aws"
                },
                "aws_vpc.main": {
                    "type": "aws_vpc",
                    "depends_on": [],
                    "primary": {
                        "id": "vpc-038fd5bdeeda0dcb5",
                        "attributes": {
                            "arn": "arn:aws:ec2:us-east-2:736261300119:vpc/vpc-038fd5bdeeda0dcb5",
                            "assign_generated_ipv6_cidr_block": "false",
                            "cidr_block": "10.0.0.0/16",
                            "default_network_acl_id": "acl-0461dd8e6171cf361",
                            "default_route_table_id": "rtb-079bd1fcf665d27be",
                            "default_security_group_id": "sg-06a0133ecc28a901d",
                            "dhcp_options_id": "dopt-91a6a1f9",
                            "enable_classiclink": "false",
                            "enable_dns_hostnames": "true",
                            "enable_dns_support": "true",
                            "id": "vpc-038fd5bdeeda0dcb5",
                            "instance_tenancy": "default",
                            "main_route_table_id": "rtb-079bd1fcf665d27be",
                            "tags.%": "3",
                            "tags.Created_By": "HashiCorp Terraform",
                            "tags.Name": "ShahVpc",
                            "tags.Purpose": "InfraDevelopment"
                        },
                        "meta": {
                            "schema_version": "1"
                        },
                        "tainted": false
                    },
                    "deposed": [],
                    "provider": "provider.aws"
                }
            },
            "depends_on": []
        }
    ]
}
