{
    "version": 3,
    "terraform_version": "0.11.8",
    "serial": 4,
    "lineage": "c1ea5284-0c70-f8d4-5a74-e8415779d573",
    "modules": [
        {
            "path": [
                "root"
            ],
            "outputs": {},
            "resources": {
                "aws_instance.example": {
                    "type": "aws_instance",
                    "depends_on": [
                        "aws_key_pair.mykey"
                    ],
                    "primary": {
                        "id": "i-082adcaa646cc20cd",
                        "attributes": {
                            "ami": "ami-0552e3455b9bc8d50",
                            "arn": "arn:aws:ec2:us-east-2:057172639468:instance/i-082adcaa646cc20cd",
                            "associate_public_ip_address": "true",
                            "availability_zone": "us-east-2c",
                            "cpu_core_count": "1",
                            "cpu_threads_per_core": "1",
                            "credit_specification.#": "1",
                            "credit_specification.0.cpu_credits": "standard",
                            "disable_api_termination": "false",
                            "ebs_block_device.#": "0",
                            "ebs_optimized": "false",
                            "ephemeral_block_device.#": "0",
                            "get_password_data": "false",
                            "iam_instance_profile": "",
                            "id": "i-082adcaa646cc20cd",
                            "instance_state": "running",
                            "instance_type": "t2.micro",
                            "ipv6_addresses.#": "0",
                            "key_name": "mykey",
                            "monitoring": "false",
                            "network_interface.#": "0",
                            "network_interface_id": "eni-08560da07e682850d",
                            "password_data": "",
                            "placement_group": "",
                            "primary_network_interface_id": "eni-08560da07e682850d",
                            "private_dns": "ip-172-31-46-56.us-east-2.compute.internal",
                            "private_ip": "172.31.46.56",
                            "public_dns": "ec2-18-223-169-238.us-east-2.compute.amazonaws.com",
                            "public_ip": "18.223.169.238",
                            "root_block_device.#": "1",
                            "root_block_device.0.delete_on_termination": "true",
                            "root_block_device.0.iops": "100",
                            "root_block_device.0.volume_id": "vol-0aa4fe4b4d2fbe197",
                            "root_block_device.0.volume_size": "8",
                            "root_block_device.0.volume_type": "gp2",
                            "security_groups.#": "1",
                            "security_groups.3814588639": "default",
                            "source_dest_check": "true",
                            "subnet_id": "subnet-78c43c34",
                            "tags.%": "0",
                            "tenancy": "default",
                            "volume_tags.%": "0",
                            "vpc_security_group_ids.#": "1",
                            "vpc_security_group_ids.3825825125": "sg-20da1a4d"
                        },
                        "meta": {
                            "e2bfb730-ecaa-11e6-8f88-34363bc7c4c0": {
                                "create": 600000000000,
                                "delete": 1200000000000,
                                "update": 600000000000
                            },
                            "schema_version": "1"
                        },
                        "tainted": true
                    },
                    "deposed": [],
                    "provider": "provider.aws"
                },
                "aws_key_pair.mykey": {
                    "type": "aws_key_pair",
                    "depends_on": [],
                    "primary": {
                        "id": "mykey",
                        "attributes": {
                            "fingerprint": "25:28:be:dd:f0:67:75:9f:9d:a0:2d:6b:e5:44:2b:7c",
                            "id": "mykey",
                            "key_name": "mykey",
                            "public_key": "ssh-rsa AAAAB3NzaC1yc2EAAAADAQABAAABAQC5Twscmc2VVb4+d5AJGPlSqF/NeyZbtNxBFDuZQhtXPoaz2WJmjZC7LxkzfIDAlhwno1wBBa4rtNDKNBmgo38ueCz7VGaMh3cu+m+hl+8zoylzg2QU6B7IiVnqq3Wz0WvrH6APt3Q7/7NKfHFaTy/qAmI4vRuBpYJUINxuzvqc5alDnCZsxuU4ORkm4ISRa7diy9X6rFkNpsMkV2i4DFedJy7/OIbs9sJJaqv051BIEWn/km9pnHJ63lqqUrBCRpG05/MpS1GDYkpI3eYY4QYFq3WBs6s5O0SMB6s53l7RmkBB2JTlhXR5w91JkDOLZgHJt2UjzVoiVI9qc2a/Zs71 yash@yash-Latitude-E5470"
                        },
                        "meta": {
                            "schema_version": "1"
                        },
                        "tainted": false
                    },
                    "deposed": [],
                    "provider": "provider.aws"
                }
            },
            "depends_on": []
        }
    ]
}
